{
  "requires": true,
  "lockfileVersion": 1,
  "dependencies": {
    "angular": {
      "version": "1.5.11",
      "resolved": "https://registry.npmjs.org/angular/-/angular-1.5.11.tgz",
      "integrity": "sha1-jFunOG8VllyazzQp9ogVU6raMNY="
    },
    "angular-bulma": {
      "version": "0.3.1",
      "resolved": "https://registry.npmjs.org/angular-bulma/-/angular-bulma-0.3.1.tgz",
      "integrity": "sha1-EPyfKhzOOLMp5T0lW0CQwUwAm20=",
      "requires": {
        "bulma": "0.1.2",
        "bulma-daterangepicker": "2.2.2",
        "jquery": "1.12.4",
        "moment": "2.22.1"
      }
    },
    "bulma": {
      "version": "0.1.2",
      "resolved": "https://registry.npmjs.org/bulma/-/bulma-0.1.2.tgz",
      "integrity": "sha1-IBIybZgxTU071XIgOBtzG1k6bYQ="
    },
    "bulma-daterangepicker": {
      "version": "2.2.2",
      "resolved": "https://registry.npmjs.org/bulma-daterangepicker/-/bulma-daterangepicker-2.2.2.tgz",
      "integrity": "sha1-ShHFNr56JR/yJvyaRQB+iNPKbwE=",
      "requires": {
        "jquery": "1.12.4",
        "moment": "2.22.1"
      }
    },
    "hammerjs": {
      "version": "2.0.8",
      "resolved": "https://registry.npmjs.org/hammerjs/-/hammerjs-2.0.8.tgz",
      "integrity": "sha1-BO93hiz/K7edMPdpIJWTAiK/YPE="
    },
    "jquery": {
      "version": "1.12.4",
      "resolved": "https://registry.npmjs.org/jquery/-/jquery-1.12.4.tgz",
      "integrity": "sha1-AeHfuikP5z3rp3zurLD5ui/sngw="
    },
    "materialize-css": {
      "version": "0.100.2",
      "resolved": "https://registry.npmjs.org/materialize-css/-/materialize-css-0.100.2.tgz",
      "integrity": "sha512-Bf4YeoJCIdk4dlpnmVX+DIOJBbqOKwfBPD+tT5bxwXNFMLk649CGbldqtnctkkfMp+fGgSAsdYu9lo1ZolZqgA==",
      "requires": {
        "hammerjs": "2.0.8",
        "jquery": "3.3.1"
      },
      "dependencies": {
        "jquery": {
          "version": "3.3.1",
          "resolved": "https://registry.npmjs.org/jquery/-/jquery-3.3.1.tgz",
          "integrity": "sha512-Ubldcmxp5np52/ENotGxlLe6aGMvmF4R8S6tZjsP6Knsaxd/xp3Zrh50cG93lR6nPXyUFwzN3ZSOQI0wRJNdGg=="
        }
      }
    },
    "moment": {
      "version": "2.22.1",
      "resolved": "https://registry.npmjs.org/moment/-/moment-2.22.1.tgz",
      "integrity": "sha512-shJkRTSebXvsVqk56I+lkb2latjBs8I+pc2TzWc545y2iFnSjm7Wg0QMh+ZWcdSLQyGEau5jI8ocnmkyTgr9YQ=="
    }
  }
}
